// !$*UTF8*$!
{
	archiveVersion = 1;
	classes = {
	};
	objectVersion = 48;
	objects = {

/* Begin PBXBuildFile section */
		DB024FC01FF09E110099A005 /* AppDelegate.swift in Sources */ = {isa = PBXBuildFile; fileRef = DB024FBF1FF09E110099A005 /* AppDelegate.swift */; };
		DB024FC21FF09E110099A005 /* ViewController.swift in Sources */ = {isa = PBXBuildFile; fileRef = DB024FC11FF09E110099A005 /* ViewController.swift */; };
		DB024FC51FF09E110099A005 /* RITLMain.storyboard in Resources */ = {isa = PBXBuildFile; fileRef = DB024FC31FF09E110099A005 /* RITLMain.storyboard */; };
		DB024FC71FF09E110099A005 /* Assets.xcassets in Resources */ = {isa = PBXBuildFile; fileRef = DB024FC61FF09E110099A005 /* Assets.xcassets */; };
		DB024FCA1FF09E110099A005 /* LaunchScreen.storyboard in Resources */ = {isa = PBXBuildFile; fileRef = DB024FC81FF09E110099A005 /* LaunchScreen.storyboard */; };
		DB3471621FF1D98200EB8C92 /* RITLColumnarCollectionCell.swift in Sources */ = {isa = PBXBuildFile; fileRef = DB3471611FF1D98200EB8C92 /* RITLColumnarCollectionCell.swift */; };
		DB3471651FF1DB0300EB8C92 /* preview.gif in Resources */ = {isa = PBXBuildFile; fileRef = DB3471641FF1DB0300EB8C92 /* preview.gif */; };
		DB3471671FF24A0200EB8C92 /* RITLColumnar.swift in Sources */ = {isa = PBXBuildFile; fileRef = DB3471661FF24A0200EB8C92 /* RITLColumnar.swift */; };
		E3894F34306C5B4AC039C850 /* Pods_RITLColumnarCollectionDemo.framework in Frameworks */ = {isa = PBXBuildFile; fileRef = 1DDDA8A0CB10898AC9DBDCF4 /* Pods_RITLColumnarCollectionDemo.framework */; };
/* End PBXBuildFile section */

/* Begin PBXFileReference section */
		15E08D9540A0BAFF40158EC7 /* Pods-RITLColumnarCollectionDemo.release.xcconfig */ = {isa = PBXFileReference; includeInIndex = 1; lastKnownFileType = text.xcconfig; name = "Pods-RITLColumnarCollectionDemo.release.xcconfig"; path = "Pods/Target Support Files/Pods-RITLColumnarCollectionDemo/Pods-RITLColumnarCollectionDemo.release.xcconfig"; sourceTree = "<group>"; };
		1DDDA8A0CB10898AC9DBDCF4 /* Pods_RITLColumnarCollectionDemo.framework */ = {isa = PBXFileReference; explicitFileType = wrapper.framework; includeInIndex = 0; path = Pods_RITLColumnarCollectionDemo.framework; sourceTree = BUILT_PRODUCTS_DIR; };
		D3CA4DE36EA35259AC2299C2 /* Pods-RITLColumnarCollectionDemo.debug.xcconfig */ = {isa = PBXFileReference; includeInIndex = 1; lastKnownFileType = text.xcconfig; name = "Pods-RITLColumnarCollectionDemo.debug.xcconfig"; path = "Pods/Target Support Files/Pods-RITLColumnarCollectionDemo/Pods-RITLColumnarCollectionDemo.debug.xcconfig"; sourceTree = "<group>"; };
		DB024FBC1FF09E110099A005 /* RITLColumnarCollectionDemo.app */ = {isa = PBXFileReference; explicitFileType = wrapper.application; includeInIndex = 0; path = RITLColumnarCollectionDemo.app; sourceTree = BUILT_PRODUCTS_DIR; };
		DB024FBF1FF09E110099A005 /* AppDelegate.swift */ = {isa = PBXFileReference; lastKnownFileType = sourcecode.swift; path = AppDelegate.swift; sourceTree = "<group>"; };
		DB024FC11FF09E110099A005 /* ViewController.swift */ = {isa = PBXFileReference; lastKnownFileType = sourcecode.swift; path = ViewController.swift; sourceTree = "<group>"; };
		DB024FC41FF09E110099A005 /* Base */ = {isa = PBXFileReference; lastKnownFileType = file.storyboard; name = Base; path = Base.lproj/RITLMain.storyboard; sourceTree = "<group>"; };
		DB024FC61FF09E110099A005 /* Assets.xcassets */ = {isa = PBXFileReference; lastKnownFileType = folder.assetcatalog; path = Assets.xcassets; sourceTree = "<group>"; };
		DB024FC91FF09E110099A005 /* Base */ = {isa = PBXFileReference; lastKnownFileType = file.storyboard; name = Base; path = Base.lproj/LaunchScreen.storyboard; sourceTree = "<group>"; };
		DB024FCB1FF09E110099A005 /* Info.plist */ = {isa = PBXFileReference; lastKnownFileType = text.plist.xml; path = Info.plist; sourceTree = "<group>"; };
		DB3471611FF1D98200EB8C92 /* RITLColumnarCollectionCell.swift */ = {isa = PBXFileReference; fileEncoding = 4; lastKnownFileType = sourcecode.swift; path = RITLColumnarCollectionCell.swift; sourceTree = "<group>"; };
		DB3471641FF1DB0300EB8C92 /* preview.gif */ = {isa = PBXFileReference; lastKnownFileType = image.gif; path = preview.gif; sourceTree = "<group>"; };
		DB3471661FF24A0200EB8C92 /* RITLColumnar.swift */ = {isa = PBXFileReference; lastKnownFileType = sourcecode.swift; path = RITLColumnar.swift; sourceTree = "<group>"; };
/* End PBXFileReference section */

/* Begin PBXFrameworksBuildPhase section */
		DB024FB91FF09E110099A005 /* Frameworks */ = {
			isa = PBXFrameworksBuildPhase;
			buildActionMask = 2147483647;
			files = (
				E3894F34306C5B4AC039C850 /* Pods_RITLColumnarCollectionDemo.framework in Frameworks */,
			);
			runOnlyForDeploymentPostprocessing = 0;
		};
/* End PBXFrameworksBuildPhase section */

/* Begin PBXGroup section */
		1D806B6D2A3E4916657EB964 /* Pods */ = {
			isa = PBXGroup;
			children = (
				D3CA4DE36EA35259AC2299C2 /* Pods-RITLColumnarCollectionDemo.debug.xcconfig */,
				15E08D9540A0BAFF40158EC7 /* Pods-RITLColumnarCollectionDemo.release.xcconfig */,
			);
			name = Pods;
			sourceTree = "<group>";
		};
		DB024FB31FF09E110099A005 = {
			isa = PBXGroup;
			children = (
				DB3471631FF1DB0300EB8C92 /* Preview */,
				DB3471601FF1D98200EB8C92 /* RITLColumnarCollectionView */,
				DB024FBE1FF09E110099A005 /* RITLColumnarCollectionDemo */,
				DB024FBD1FF09E110099A005 /* Products */,
				1D806B6D2A3E4916657EB964 /* Pods */,
				E9750C2B711698B039BBA391 /* Frameworks */,
			);
			sourceTree = "<group>";
		};
		DB024FBD1FF09E110099A005 /* Products */ = {
			isa = PBXGroup;
			children = (
				DB024FBC1FF09E110099A005 /* RITLColumnarCollectionDemo.app */,
			);
			name = Products;
			sourceTree = "<group>";
		};
		DB024FBE1FF09E110099A005 /* RITLColumnarCollectionDemo */ = {
			isa = PBXGroup;
			children = (
				DB024FBF1FF09E110099A005 /* AppDelegate.swift */,
				DB024FC11FF09E110099A005 /* ViewController.swift */,
				DB024FC31FF09E110099A005 /* RITLMain.storyboard */,
				DB024FC61FF09E110099A005 /* Assets.xcassets */,
				DB024FC81FF09E110099A005 /* LaunchScreen.storyboard */,
				DB024FCB1FF09E110099A005 /* Info.plist */,
			);
			path = RITLColumnarCollectionDemo;
			sourceTree = "<group>";
		};
		DB3471601FF1D98200EB8C92 /* RITLColumnarCollectionView */ = {
			isa = PBXGroup;
			children = (
				DB3471661FF24A0200EB8C92 /* RITLColumnar.swift */,
				DB3471611FF1D98200EB8C92 /* RITLColumnarCollectionCell.swift */,
			);
			path = RITLColumnarCollectionView;
			sourceTree = "<group>";
		};
		DB3471631FF1DB0300EB8C92 /* Preview */ = {
			isa = PBXGroup;
			children = (
				DB3471641FF1DB0300EB8C92 /* preview.gif */,
			);
			path = Preview;
			sourceTree = "<group>";
		};
		E9750C2B711698B039BBA391 /* Frameworks */ = {
			isa = PBXGroup;
			children = (
				1DDDA8A0CB10898AC9DBDCF4 /* Pods_RITLColumnarCollectionDemo.framework */,
			);
			name = Frameworks;
			sourceTree = "<group>";
		};
/* End PBXGroup section */

/* Begin PBXNativeTarget section */
		DB024FBB1FF09E110099A005 /* RITLColumnarCollectionDemo */ = {
			isa = PBXNativeTarget;
			buildConfigurationList = DB024FCE1FF09E110099A005 /* Build configuration list for PBXNativeTarget "RITLColumnarCollectionDemo" */;
			buildPhases = (
				D258F7B2E6BDA17F03983E84 /* [CP] Check Pods Manifest.lock */,
				DB024FB81FF09E110099A005 /* Sources */,
				DB024FB91FF09E110099A005 /* Frameworks */,
				DB024FBA1FF09E110099A005 /* Resources */,
				4DD1FF44DD0A2668CAFBF504 /* [CP] Embed Pods Frameworks */,
				59962725760409463259BF81 /* [CP] Copy Pods Resources */,
			);
			buildRules = (
			);
			dependencies = (
			);
			name = RITLColumnarCollectionDemo;
			productName = ProjectTest;
			productReference = DB024FBC1FF09E110099A005 /* RITLColumnarCollectionDemo.app */;
			productType = "com.apple.product-type.application";
		};
/* End PBXNativeTarget section */

/* Begin PBXProject section */
		DB024FB41FF09E110099A005 /* Project object */ = {
			isa = PBXProject;
			attributes = {
				LastSwiftUpdateCheck = 0920;
				LastUpgradeCheck = 0920;
				ORGANIZATIONNAME = YueWen;
				TargetAttributes = {
					DB024FBB1FF09E110099A005 = {
						CreatedOnToolsVersion = 9.2;
						ProvisioningStyle = Automatic;
					};
				};
			};
			buildConfigurationList = DB024FB71FF09E110099A005 /* Build configuration list for PBXProject "RITLColumnarCollectionDemo" */;
			compatibilityVersion = "Xcode 8.0";
			developmentRegion = en;
			hasScannedForEncodings = 0;
			knownRegions = (
				en,
				Base,
			);
			mainGroup = DB024FB31FF09E110099A005;
			productRefGroup = DB024FBD1FF09E110099A005 /* Products */;
			projectDirPath = "";
			projectRoot = "";
			targets = (
				DB024FBB1FF09E110099A005 /* RITLColumnarCollectionDemo */,
			);
		};
/* End PBXProject section */

/* Begin PBXResourcesBuildPhase section */
		DB024FBA1FF09E110099A005 /* Resources */ = {
			isa = PBXResourcesBuildPhase;
			buildActionMask = 2147483647;
			files = (
				DB024FCA1FF09E110099A005 /* LaunchScreen.storyboard in Resources */,
				DB3471651FF1DB0300EB8C92 /* preview.gif in Resources */,
				DB024FC71FF09E110099A005 /* Assets.xcassets in Resources */,
				DB024FC51FF09E110099A005 /* RITLMain.storyboard in Resources */,
			);
			runOnlyForDeploymentPostprocessing = 0;
		};
/* End PBXResourcesBuildPhase section */

/* Begin PBXShellScriptBuildPhase section */
		4DD1FF44DD0A2668CAFBF504 /* [CP] Embed Pods Frameworks */ = {
			isa = PBXShellScriptBuildPhase;
			buildActionMask = 2147483647;
			files = (
			);
			inputPaths = (
				"${SRCROOT}/Pods/Target Support Files/Pods-RITLColumnarCollectionDemo/Pods-RITLColumnarCollectionDemo-frameworks.sh",
				"${BUILT_PRODUCTS_DIR}/SnapKit/SnapKit.framework",
			);
			name = "[CP] Embed Pods Frameworks";
			outputPaths = (
				"${TARGET_BUILD_DIR}/${FRAMEWORKS_FOLDER_PATH}/SnapKit.framework",
			);
			runOnlyForDeploymentPostprocessing = 0;
			shellPath = /bin/sh;
			shellScript = "\"${SRCROOT}/Pods/Target Support Files/Pods-RITLColumnarCollectionDemo/Pods-RITLColumnarCollectionDemo-frameworks.sh\"\n";
			showEnvVarsInLog = 0;
		};
		59962725760409463259BF81 /* [CP] Copy Pods Resources */ = {
			isa = PBXShellScriptBuildPhase;
			buildActionMask = 2147483647;
			files = (
			);
			inputPaths = (
			);
			name = "[CP] Copy Pods Resources";
			outputPaths = (
			);
			runOnlyForDeploymentPostprocessing = 0;
			shellPath = /bin/sh;
			shellScript = "\"${SRCROOT}/Pods/Target Support Files/Pods-RITLColumnarCollectionDemo/Pods-RITLColumnarCollectionDemo-resources.sh\"\n";
			showEnvVarsInLog = 0;
		};
		D258F7B2E6BDA17F03983E84 /* [CP] Check Pods Manifest.lock */ = {
			isa = PBXShellScriptBuildPhase;
			buildActionMask = 2147483647;
			files = (
			);
			inputPaths = (
				"${PODS_PODFILE_DIR_PATH}/Podfile.lock",
				"${PODS_ROOT}/Manifest.lock",
			);
			name = "[CP] Check Pods Manifest.lock";
			outputPaths = (
				"$(DERIVED_FILE_DIR)/Pods-RITLColumnarCollectionDemo-checkManifestLockResult.txt",
			);
			runOnlyForDeploymentPostprocessing = 0;
			shellPath = /bin/sh;
			shellScript = "diff \"${PODS_PODFILE_DIR_PATH}/Podfile.lock\" \"${PODS_ROOT}/Manifest.lock\" > /dev/null\nif [ $? != 0 ] ; then\n    # print error to STDERR\n    echo \"error: The sandbox is not in sync with the Podfile.lock. Run 'pod install' or update your CocoaPods installation.\" >&2\n    exit 1\nfi\n# This output is used by Xcode 'outputs' to avoid re-running this script phase.\necho \"SUCCESS\" > \"${SCRIPT_OUTPUT_FILE_0}\"\n";
			showEnvVarsInLog = 0;
		};
/* End PBXShellScriptBuildPhase section */

/* Begin PBXSourcesBuildPhase section */
		DB024FB81FF09E110099A005 /* Sources */ = {
			isa = PBXSourcesBuildPhase;
			buildActionMask = 2147483647;
			files = (
				DB024FC21FF09E110099A005 /* ViewController.swift in Sources */,
				DB3471671FF24A0200EB8C92 /* RITLColumnar.swift in Sources */,
				DB024FC01FF09E110099A005 /* AppDelegate.swift in Sources */,
				DB3471621FF1D98200EB8C92 /* RITLColumnarCollectionCell.swift in Sources */,
			);
			runOnlyForDeploymentPostprocessing = 0;
		};
/* End PBXSourcesBuildPhase section */

/* Begin PBXVariantGroup section */
		DB024FC31FF09E110099A005 /* RITLMain.storyboard */ = {
			isa = PBXVariantGroup;
			children = (
				DB024FC41FF09E110099A005 /* Base */,
			);
			name = RITLMain.storyboard;
			sourceTree = "<group>";
		};
		DB024FC81FF09E110099A005 /* LaunchScreen.storyboard */ = {
			isa = PBXVariantGroup;
			children = (
				DB024FC91FF09E110099A005 /* Base */,
			);
			name = LaunchScreen.storyboard;
			sourceTree = "<group>";
		};
/* End PBXVariantGroup section */

/* Begin XCBuildConfiguration section */
		DB024FCC1FF09E110099A005 /* Debug */ = {
			isa = XCBuildConfiguration;
			buildSettings = {
				ALWAYS_SEARCH_USER_PATHS = NO;
				CLANG_ANALYZER_NONNULL = YES;
				CLANG_ANALYZER_NUMBER_OBJECT_CONVERSION = YES_AGGRESSIVE;
				CLANG_CXX_LANGUAGE_STANDARD = "gnu++14";
				CLANG_CXX_LIBRARY = "libc++";
				CLANG_ENABLE_MODULES = YES;
				CLANG_ENABLE_OBJC_ARC = YES;
				CLANG_WARN_BLOCK_CAPTURE_AUTORELEASING = YES;
				CLANG_WARN_BOOL_CONVERSION = YES;
				CLANG_WARN_COMMA = YES;
				CLANG_WARN_CONSTANT_CONVERSION = YES;
				CLANG_WARN_DIRECT_OBJC_ISA_USAGE = YES_ERROR;
				CLANG_WARN_DOCUMENTATION_COMMENTS = YES;
				CLANG_WARN_EMPTY_BODY = YES;
				CLANG_WARN_ENUM_CONVERSION = YES;
				CLANG_WARN_INFINITE_RECURSION = YES;
				CLANG_WARN_INT_CONVERSION = YES;
				CLANG_WARN_NON_LITERAL_NULL_CONVERSION = YES;
				CLANG_WARN_OBJC_LITERAL_CONVERSION = YES;
				CLANG_WARN_OBJC_ROOT_CLASS = YES_ERROR;
				CLANG_WARN_RANGE_LOOP_ANALYSIS = YES;
				CLANG_WARN_STRICT_PROTOTYPES = YES;
				CLANG_WARN_SUSPICIOUS_MOVE = YES;
				CLANG_WARN_UNGUARDED_AVAILABILITY = YES_AGGRESSIVE;
				CLANG_WARN_UNREACHABLE_CODE = YES;
				CLANG_WARN__DUPLICATE_METHOD_MATCH = YES;
				CODE_SIGN_IDENTITY = "iPhone Developer";
				COPY_PHASE_STRIP = NO;
				DEBUG_INFORMATION_FORMAT = dwarf;
				ENABLE_STRICT_OBJC_MSGSEND = YES;
				ENABLE_TESTABILITY = YES;
				GCC_C_LANGUAGE_STANDARD = gnu11;
				GCC_DYNAMIC_NO_PIC = NO;
				GCC_NO_COMMON_BLOCKS = YES;
				GCC_OPTIMIZATION_LEVEL = 0;
				GCC_PREPROCESSOR_DEFINITIONS = (
					"DEBUG=1",
					"$(inherited)",
				);
				GCC_WARN_64_TO_32_BIT_CONVERSION = YES;
				GCC_WARN_ABOUT_RETURN_TYPE = YES_ERROR;
				GCC_WARN_UNDECLARED_SELECTOR = YES;
				GCC_WARN_UNINITIALIZED_AUTOS = YES_AGGRESSIVE;
				GCC_WARN_UNUSED_FUNCTION = YES;
				GCC_WARN_UNUSED_VARIABLE = YES;
				IPHONEOS_DEPLOYMENT_TARGET = 11.2;
				MTL_ENABLE_DEBUG_INFO = YES;
				ONLY_ACTIVE_ARCH = YES;
				SDKROOT = iphoneos;
				SWIFT_ACTIVE_COMPILATION_CONDITIONS = DEBUG;
				SWIFT_OPTIMIZATION_LEVEL = "-Onone";
			};
			name = Debug;
		};
		DB024FCD1FF09E110099A005 /* Release */ = {
			isa = XCBuildConfiguration;
			buildSettings = {
				ALWAYS_SEARCH_USER_PATHS = NO;
				CLANG_ANALYZER_NONNULL = YES;
				CLANG_ANALYZER_NUMBER_OBJECT_CONVERSION = YES_AGGRESSIVE;
				CLANG_CXX_LANGUAGE_STANDARD = "gnu++14";
				CLANG_CXX_LIBRARY = "libc++";
				CLANG_ENABLE_MODULES = YES;
				CLANG_ENABLE_OBJC_ARC = YES;
				CLANG_WARN_BLOCK_CAPTURE_AUTORELEASING = YES;
				CLANG_WARN_BOOL_CONVERSION = YES;
				CLANG_WARN_COMMA = YES;
				CLANG_WARN_CONSTANT_CONVERSION = YES;
				CLANG_WARN_DIRECT_OBJC_ISA_USAGE = YES_ERROR;
				CLANG_WARN_DOCUMENTATION_COMMENTS = YES;
				CLANG_WARN_EMPTY_BODY = YES;
				CLANG_WARN_ENUM_CONVERSION = YES;
				CLANG_WARN_INFINITE_RECURSION = YES;
				CLANG_WARN_INT_CONVERSION = YES;
				CLANG_WARN_NON_LITERAL_NULL_CONVERSION = YES;
				CLANG_WARN_OBJC_LITERAL_CONVERSION = YES;
				CLANG_WARN_OBJC_ROOT_CLASS = YES_ERROR;
				CLANG_WARN_RANGE_LOOP_ANALYSIS = YES;
				CLANG_WARN_STRICT_PROTOTYPES = YES;
				CLANG_WARN_SUSPICIOUS_MOVE = YES;
				CLANG_WARN_UNGUARDED_AVAILABILITY = YES_AGGRESSIVE;
				CLANG_WARN_UNREACHABLE_CODE = YES;
				CLANG_WARN__DUPLICATE_METHOD_MATCH = YES;
				CODE_SIGN_IDENTITY = "iPhone Developer";
				COPY_PHASE_STRIP = NO;
				DEBUG_INFORMATION_FORMAT = "dwarf-with-dsym";
				ENABLE_NS_ASSERTIONS = NO;
				ENABLE_STRICT_OBJC_MSGSEND = YES;
				GCC_C_LANGUAGE_STANDARD = gnu11;
				GCC_NO_COMMON_BLOCKS = YES;
				GCC_WARN_64_TO_32_BIT_CONVERSION = YES;
				GCC_WARN_ABOUT_RETURN_TYPE = YES_ERROR;
				GCC_WARN_UNDECLARED_SELECTOR = YES;
				GCC_WARN_UNINITIALIZED_AUTOS = YES_AGGRESSIVE;
				GCC_WARN_UNUSED_FUNCTION = YES;
				GCC_WARN_UNUSED_VARIABLE = YES;
				IPHONEOS_DEPLOYMENT_TARGET = 11.2;
				MTL_ENABLE_DEBUG_INFO = NO;
				SDKROOT = iphoneos;
				SWIFT_OPTIMIZATION_LEVEL = "-Owholemodule";
				VALIDATE_PRODUCT = YES;
			};
			name = Release;
		};
		DB024FCF1FF09E110099A005 /* Debug */ = {
			isa = XCBuildConfiguration;
			baseConfigurationReference = D3CA4DE36EA35259AC2299C2 /* Pods-RITLColumnarCollectionDemo.debug.xcconfig */;
			buildSettings = {
				ASSETCATALOG_COMPILER_APPICON_NAME = AppIcon;
				CODE_SIGN_STYLE = Automatic;
				DEVELOPMENT_TEAM = 8S4NWFZC5J;
				INFOPLIST_FILE = RITLColumnarCollectionDemo/Info.plist;
				IPHONEOS_DEPLOYMENT_TARGET = 11.0;
				LD_RUNPATH_SEARCH_PATHS = "$(inherited) @executable_path/Frameworks";
				PRODUCT_BUNDLE_IDENTIFIER = com.yue.RITLColumnarCollectionDemo;
				PRODUCT_NAME = "$(TARGET_NAME)";
				SWIFT_VERSION = 4.0;
				TARGETED_DEVICE_FAMILY = "1,2";
			};
			name = Debug;
		};
		DB024FD01FF09E110099A005 /* Release */ = {
			isa = XCBuildConfiguration;
			baseConfigurationReference = 15E08D9540A0BAFF40158EC7 /* Pods-RITLColumnarCollectionDemo.release.xcconfig */;
			buildSettings = {
				ASSETCATALOG_COMPILER_APPICON_NAME = AppIcon;
				CODE_SIGN_STYLE = Automatic;
				DEVELOPMENT_TEAM = 8S4NWFZC5J;
				INFOPLIST_FILE = RITLColumnarCollectionDemo/Info.plist;
				IPHONEOS_DEPLOYMENT_TARGET = 11.0;
				LD_RUNPATH_SEARCH_PATHS = "$(inherited) @executable_path/Frameworks";
				PRODUCT_BUNDLE_IDENTIFIER = com.yue.RITLColumnarCollectionDemo;
				PRODUCT_NAME = "$(TARGET_NAME)";
				SWIFT_VERSION = 4.0;
				TARGETED_DEVICE_FAMILY = "1,2";
			};
			name = Release;
		};
/* End XCBuildConfiguration section */

/* Begin XCConfigurationList section */
		DB024FB71FF09E110099A005 /* Build configuration list for PBXProject "RITLColumnarCollectionDemo" */ = {
			isa = XCConfigurationList;
			buildConfigurations = (
				DB024FCC1FF09E110099A005 /* Debug */,
				DB024FCD1FF09E110099A005 /* Release */,
			);
			defaultConfigurationIsVisible = 0;
			defaultConfigurationName = Release;
		};
		DB024FCE1FF09E110099A005 /* Build configuration list for PBXNativeTarget "RITLColumnarCollectionDemo" */ = {
			isa = XCConfigurationList;
			buildConfigurations = (
				DB024FCF1FF09E110099A005 /* Debug */,
				DB024FD01FF09E110099A005 /* Release */,
			);
			defaultConfigurationIsVisible = 0;
			defaultConfigurationName = Release;
		};
/* End XCConfigurationList section */
	};
	rootObject = DB024FB41FF09E110099A005 /* Project object */;
}
